
Microsoft Visual Studio Solution File, Format Version 12.00
# Visual Studio Version 17
VisualStudioVersion = 17.3.32929.385
MinimumVisualStudioVersion = 10.0.40219.1
Project("{2150E333-8FDC-42A3-9474-1A3956D46DE8}") = "Solution Items", "Solution Items", "{B5EF03AB-5906-4CBD-9CF2-62EEEF11D42B}"
	ProjectSection(SolutionItems) = preProject
		calculator.java = calculator.java
	EndProjectSection
EndProject
Global
	GlobalSection(SolutionProperties) = preSolution
		HideSolutionNode = FALSE
	EndGlobalSection
	GlobalSection(ExtensibilityGlobals) = postSolution
		SolutionGuid = {0AD6F4E5-58BF-4AF5-A07F-2EBE615D20E7}
	EndGlobalSection
EndGlobal
